uuid: 2fe97f3c-afa4-47f6-9870-96afbd1761e5
langcode: en
status: true
dependencies:
  module:
    - cbi_hero_banner
    - system
  theme:
    - gt_custom
id: gt_custom_heroblock
theme: gt_custom
region: banner
weight: 0
provider: null
plugin: hero_block
settings:
  id: hero_block
  label: 'Hero block'
  label_display: '0'
  provider: cbi_hero_banner
visibility:
  request_path:
    id: request_path
    negate: true
    pages: '<front>'
