uuid: b8da555f-b1bb-4191-a223-8323f54126fa
langcode: en
status: true
dependencies:
  module:
    - node
id: node_super_block
label: 'Content - Super Block'
type: 'canonical_entities:node'
pattern: 'super-block/[node:nid]'
selection_criteria:
  -
    id: 'entity_bundle:node'
    negate: false
    context_mapping:
      node: node
    bundles:
      super_block: super_block
selection_logic: and
weight: 0
relationships: {  }
